{
  "name": "reliant",
  "version": "1.1",
  "lockfileVersion": 2,
  "requires": true,
  "packages": {
    "": {
      "name": "reliant",
      "version": "1.1",
      "devDependencies": {
        "@types/chrome": "0.0.117",
        "typescript": "^4.5.4"
      }
    },
    "node_modules/@types/chrome": {
      "version": "0.0.117",
      "resolved": "https://registry.npmjs.org/@types/chrome/-/chrome-0.0.117.tgz",
      "integrity": "sha512-MMr1PHywhr3oFF0aTpezv4hUNr959CkJNtTeeI1a97eBKimx0WR6qIIo/28JcmKJWwKnurF/hF/cE0Q0WV8rLw==",
      "dev": true,
      "dependencies": {
        "@types/filesystem": "*",
        "@types/har-format": "*"
      }
    },
    "node_modules/@types/filesystem": {
      "version": "0.0.29",
      "resolved": "https://registry.npmjs.org/@types/filesystem/-/filesystem-0.0.29.tgz",
      "integrity": "sha512-85/1KfRedmfPGsbK8YzeaQUyV1FQAvMPMTuWFQ5EkLd2w7szhNO96bk3Rh/SKmOfd9co2rCLf0Voy4o7ECBOvw==",
      "dev": true,
      "dependencies": {
        "@types/filewriter": "*"
      }
    },
    "node_modules/@types/filewriter": {
      "version": "0.0.28",
      "resolved": "https://registry.npmjs.org/@types/filewriter/-/filewriter-0.0.28.tgz",
      "integrity": "sha1-wFTor02d11205jq8dviFFocU1LM=",
      "dev": true
    },
    "node_modules/@types/har-format": {
      "version": "1.2.4",
      "resolved": "https://registry.npmjs.org/@types/har-format/-/har-format-1.2.4.tgz",
      "integrity": "sha512-iUxzm1meBm3stxUMzRqgOVHjj4Kgpgu5w9fm4X7kPRfSgVRzythsucEN7/jtOo8SQzm+HfcxWWzJS0mJDH/3DQ==",
      "dev": true
    },
    "node_modules/typescript": {
      "version": "4.5.4",
      "resolved": "https://registry.npmjs.org/typescript/-/typescript-4.5.4.tgz",
      "integrity": "sha512-VgYs2A2QIRuGphtzFV7aQJduJ2gyfTljngLzjpfW9FoYZF6xuw1W0vW9ghCKLfcWrCFxK81CSGRAvS1pn4fIUg==",
      "dev": true,
      "bin": {
        "tsc": "bin/tsc",
        "tsserver": "bin/tsserver"
      },
      "engines": {
        "node": ">=4.2.0"
      }
    }
  },
  "dependencies": {
    "@types/chrome": {
      "version": "0.0.117",
      "resolved": "https://registry.npmjs.org/@types/chrome/-/chrome-0.0.117.tgz",
      "integrity": "sha512-MMr1PHywhr3oFF0aTpezv4hUNr959CkJNtTeeI1a97eBKimx0WR6qIIo/28JcmKJWwKnurF/hF/cE0Q0WV8rLw==",
      "dev": true,
      "requires": {
        "@types/filesystem": "*",
        "@types/har-format": "*"
      }
    },
    "@types/filesystem": {
      "version": "0.0.29",
      "resolved": "https://registry.npmjs.org/@types/filesystem/-/filesystem-0.0.29.tgz",
      "integrity": "sha512-85/1KfRedmfPGsbK8YzeaQUyV1FQAvMPMTuWFQ5EkLd2w7szhNO96bk3Rh/SKmOfd9co2rCLf0Voy4o7ECBOvw==",
      "dev": true,
      "requires": {
        "@types/filewriter": "*"
      }
    },
    "@types/filewriter": {
      "version": "0.0.28",
      "resolved": "https://registry.npmjs.org/@types/filewriter/-/filewriter-0.0.28.tgz",
      "integrity": "sha1-wFTor02d11205jq8dviFFocU1LM=",
      "dev": true
    },
    "@types/har-format": {
      "version": "1.2.4",
      "resolved": "https://registry.npmjs.org/@types/har-format/-/har-format-1.2.4.tgz",
      "integrity": "sha512-iUxzm1meBm3stxUMzRqgOVHjj4Kgpgu5w9fm4X7kPRfSgVRzythsucEN7/jtOo8SQzm+HfcxWWzJS0mJDH/3DQ==",
      "dev": true
    },
    "typescript": {
      "version": "4.5.4",
      "resolved": "https://registry.npmjs.org/typescript/-/typescript-4.5.4.tgz",
      "integrity": "sha512-VgYs2A2QIRuGphtzFV7aQJduJ2gyfTljngLzjpfW9FoYZF6xuw1W0vW9ghCKLfcWrCFxK81CSGRAvS1pn4fIUg==",
      "dev": true
    }
  }
}
